<?xml version="1.0" encoding="UTF-8" standalone="yes" ?>
<CodeBlocks_project_file>
	<FileVersion major="1" minor="6" />
	<Project>
		<Option title="roguen" />
		<Option pch_mode="2" />
		<Option compiler="gcc" />
		<Build>
			<Target title="Debug">
				<Option output="../bin/Debug/roguen" prefix_auto="1" extension_auto="1" />
				<Option object_output="../obj/Debug/" />
				<Option type="1" />
				<Option compiler="gcc" />
				<Compiler>
					<Add option="-g" />
				</Compiler>
			</Target>
			<Target title="Release">
				<Option output="../bin/Release/roguen" prefix_auto="1" extension_auto="1" />
				<Option object_output="../obj/Release/" />
				<Option type="1" />
				<Option compiler="gcc" />
				<Compiler>
					<Add option="-O2" />
				</Compiler>
				<Linker>
					<Add option="-s" />
				</Linker>
			</Target>
		</Build>
		<Compiler>
			<Add option="-Wall" />
		</Compiler>
		<Unit filename="roguen/ability.cpp" />
		<Unit filename="roguen/ability.h" />
		<Unit filename="roguen/actable.cpp" />
		<Unit filename="roguen/actable.h" />
		<Unit filename="roguen/adat.h" />
		<Unit filename="roguen/advancement.h" />
		<Unit filename="roguen/answers.cpp" />
		<Unit filename="roguen/answers.h" />
		<Unit filename="roguen/anymap.cpp" />
		<Unit filename="roguen/anymap.h" />
		<Unit filename="roguen/archive.cpp" />
		<Unit filename="roguen/archive.h" />
		<Unit filename="roguen/areaf.cpp" />
		<Unit filename="roguen/areaf.h" />
		<Unit filename="roguen/areamap.cpp" />
		<Unit filename="roguen/areamap.h" />
		<Unit filename="roguen/areapiece.cpp" />
		<Unit filename="roguen/areapiece.h" />
		<Unit filename="roguen/array.cpp" />
		<Unit filename="roguen/array.h" />
		<Unit filename="roguen/assert.h" />
		<Unit filename="roguen/boost.cpp" />
		<Unit filename="roguen/boost.h" />
		<Unit filename="roguen/bsdata.h" />
		<Unit filename="roguen/bsreq.cpp" />
		<Unit filename="roguen/bsreq.h" />
		<Unit filename="roguen/bstream.cpp" />
		<Unit filename="roguen/bstream.h" />
		<Unit filename="roguen/calendar.cpp" />
		<Unit filename="roguen/calendar.h" />
		<Unit filename="roguen/charname.cpp" />
		<Unit filename="roguen/charname.h" />
		<Unit filename="roguen/collection.cpp" />
		<Unit filename="roguen/collection.h" />
		<Unit filename="roguen/color.cpp" />
		<Unit filename="roguen/color.h" />
		<Unit filename="roguen/colori.h" />
		<Unit filename="roguen/cpp.hint" />
		<Unit filename="roguen/craft.cpp" />
		<Unit filename="roguen/craft.h" />
		<Unit filename="roguen/creature.cpp" />
		<Unit filename="roguen/creature.h" />
		<Unit filename="roguen/creature_need.cpp" />
		<Unit filename="roguen/creature_talk.cpp" />
		<Unit filename="roguen/creaturea.cpp" />
		<Unit filename="roguen/datamap.h" />
		<Unit filename="roguen/dataset.cpp" />
		<Unit filename="roguen/dataset.h" />
		<Unit filename="roguen/dice.cpp" />
		<Unit filename="roguen/dice.h" />
		<Unit filename="roguen/direction.cpp" />
		<Unit filename="roguen/direction.h" />
		<Unit filename="roguen/direction_req.cpp" />
		<Unit filename="roguen/draw.cpp" />
		<Unit filename="roguen/draw.h" />
		<Unit filename="roguen/draw_answers.cpp" />
		<Unit filename="roguen/draw_form.cpp" />
		<Unit filename="roguen/draw_manual.cpp" />
		<Unit filename="roguen/draw_message.cpp" />
		<Unit filename="roguen/draw_object.cpp" />
		<Unit filename="roguen/draw_object.h" />
		<Unit filename="roguen/draw_text.cpp" />
		<Unit filename="roguen/draw_textf.cpp" />
		<Unit filename="roguen/draw_theme.cpp" />
		<Unit filename="roguen/errors.txt" />
		<Unit filename="roguen/feat.cpp" />
		<Unit filename="roguen/feat.h" />
		<Unit filename="roguen/feature.cpp" />
		<Unit filename="roguen/feature.h" />
		<Unit filename="roguen/filter.cpp" />
		<Unit filename="roguen/filter.h" />
		<Unit filename="roguen/flagable.h" />
		<Unit filename="roguen/font_util_old.cpp" />
		<Unit filename="roguen/framerange.h" />
		<Unit filename="roguen/functor.h" />
		<Unit filename="roguen/game.cpp" />
		<Unit filename="roguen/game.h" />
		<Unit filename="roguen/geoposition.h" />
		<Unit filename="roguen/global.cpp" />
		<Unit filename="roguen/global.h" />
		<Unit filename="roguen/global_req.cpp" />
		<Unit filename="roguen/greatneed.cpp" />
		<Unit filename="roguen/greatneed.h" />
		<Unit filename="roguen/hotkey.cpp" />
		<Unit filename="roguen/hotkey.h" />
		<Unit filename="roguen/indexa.cpp" />
		<Unit filename="roguen/indexa.h" />
		<Unit filename="roguen/information.cpp" />
		<Unit filename="roguen/interface.cpp" />
		<Unit filename="roguen/io_bsreq.cpp" />
		<Unit filename="roguen/io_memory.cpp" />
		<Unit filename="roguen/io_memory.h" />
		<Unit filename="roguen/io_stream.cpp" />
		<Unit filename="roguen/io_stream.h" />
		<Unit filename="roguen/item.cpp" />
		<Unit filename="roguen/item.h" />
		<Unit filename="roguen/itema.cpp" />
		<Unit filename="roguen/itema.h" />
		<Unit filename="roguen/keyname.cpp" />
		<Unit filename="roguen/keyname.h" />
		<Unit filename="roguen/list.cpp" />
		<Unit filename="roguen/list.h" />
		<Unit filename="roguen/listcolumn.cpp" />
		<Unit filename="roguen/listcolumn.h" />
		<Unit filename="roguen/locale.cpp" />
		<Unit filename="roguen/log.cpp" />
		<Unit filename="roguen/log.h" />
		<Unit filename="roguen/logvalue.cpp" />
		<Unit filename="roguen/logvalue.h" />
		<Unit filename="roguen/magic.cpp" />
		<Unit filename="roguen/magic.h" />
		<Unit filename="roguen/main.cpp" />
		<Unit filename="roguen/markuse.cpp" />
		<Unit filename="roguen/markuse.h" />
		<Unit filename="roguen/math.h" />
		<Unit filename="roguen/metadata.cpp" />
		<Unit filename="roguen/modifier.cpp" />
		<Unit filename="roguen/modifier.h" />
		<Unit filename="roguen/monster.cpp" />
		<Unit filename="roguen/monster.h" />
		<Unit filename="roguen/moveable.cpp" />
		<Unit filename="roguen/moveable.h" />
		<Unit filename="roguen/nameable.cpp" />
		<Unit filename="roguen/nameable.h" />
		<Unit filename="roguen/ownerable.cpp" />
		<Unit filename="roguen/ownerable.h" />
		<Unit filename="roguen/paramable.cpp" />
		<Unit filename="roguen/paramable.h" />
		<Unit filename="roguen/png.cpp" />
		<Unit filename="roguen/point.cpp" />
		<Unit filename="roguen/point.h" />
		<Unit filename="roguen/pointl.h" />
		<Unit filename="roguen/price.cpp" />
		<Unit filename="roguen/price.h" />
		<Unit filename="roguen/pushvalue.h" />
		<Unit filename="roguen/quest.cpp" />
		<Unit filename="roguen/quest.h" />
		<Unit filename="roguen/race.cpp" />
		<Unit filename="roguen/race.h" />
		<Unit filename="roguen/rand.h" />
		<Unit filename="roguen/randomizer.cpp" />
		<Unit filename="roguen/randomizer.h" />
		<Unit filename="roguen/rect.h" />
		<Unit filename="roguen/resid.h" />
		<Unit filename="roguen/resource.cpp" />
		<Unit filename="roguen/resource.h" />
		<Unit filename="roguen/resource_static.cpp" />
		<Unit filename="roguen/roguen.vcxproj" />
		<Unit filename="roguen/roguen.vcxproj.filters" />
		<Unit filename="roguen/scale2x.cpp" />
		<Unit filename="roguen/screenshoot.cpp" />
		<Unit filename="roguen/screenshoot.h" />
		<Unit filename="roguen/script.cpp" />
		<Unit filename="roguen/script.h" />
		<Unit filename="roguen/scripting.cpp" />
		<Unit filename="roguen/serial.cpp" />
		<Unit filename="roguen/shape.cpp" />
		<Unit filename="roguen/shape.h" />
		<Unit filename="roguen/shortcut.h" />
		<Unit filename="roguen/site.cpp" />
		<Unit filename="roguen/site.h" />
		<Unit filename="roguen/siteskill.cpp" />
		<Unit filename="roguen/siteskill.h" />
		<Unit filename="roguen/slice.h" />
		<Unit filename="roguen/sliceu.h" />
		<Unit filename="roguen/speech.cpp" />
		<Unit filename="roguen/speech.h" />
		<Unit filename="roguen/spell.cpp" />
		<Unit filename="roguen/spell.h" />
		<Unit filename="roguen/stringbuilder.cpp" />
		<Unit filename="roguen/stringbuilder.h" />
		<Unit filename="roguen/stringbuilder_old.cpp" />
		<Unit filename="roguen/surface_serial.cpp" />
		<Unit filename="roguen/szdup.cpp" />
		<Unit filename="roguen/talk.cpp" />
		<Unit filename="roguen/talk.h" />
		<Unit filename="roguen/textscript.cpp" />
		<Unit filename="roguen/textscript.h" />
		<Unit filename="roguen/tile.cpp" />
		<Unit filename="roguen/tile.h" />
		<Unit filename="roguen/timemanage.h" />
		<Unit filename="roguen/timer.h" />
		<Unit filename="roguen/trigger.cpp" />
		<Unit filename="roguen/trigger.h" />
		<Unit filename="roguen/triggern.h" />
		<Unit filename="roguen/variant.cpp" />
		<Unit filename="roguen/variant.h" />
		<Unit filename="roguen/variantc.cpp" />
		<Unit filename="roguen/variantc.h" />
		<Unit filename="roguen/vector.h" />
		<Unit filename="roguen/visualeffect.cpp" />
		<Unit filename="roguen/visualeffect.h" />
		<Unit filename="roguen/wear.cpp" />
		<Unit filename="roguen/wear.h" />
		<Unit filename="roguen/wearable.cpp" />
		<Unit filename="roguen/wearable.h" />
		<Unit filename="roguen/widget.h" />
		<Unit filename="roguen/world.cpp" />
		<Unit filename="roguen/world.h" />
		<Unit filename="roguen/zcopy.h" />
		<Unit filename="roguen/zip.cpp" />
		<Unit filename="rules/Advancement.txt" />
		<Unit filename="rules/Basic.txt" />
		<Unit filename="rules/Features.txt" />
		<Unit filename="rules/Form.txt" />
		<Unit filename="rules/Items.txt" />
		<Unit filename="rules/Monsters.txt" />
		<Unit filename="rules/Shapes.txt" />
		<Unit filename="rules/Sites.txt" />
		<Unit filename="rules/Skills.txt" />
		<Unit filename="rules/Spells.txt" />
		<Unit filename="rules/Start.txt" />
		<Unit filename="rules/Tiles.txt" />
		<Extensions />
	</Project>
</CodeBlocks_project_file>
