<?xml version="1.0" encoding="utf-8"?>
<Project ToolsVersion="4.0" xmlns="http://schemas.microsoft.com/developer/msbuild/2003">
  <ItemGroup>
    <Filter Include="Support">
      <UniqueIdentifier>{e2939356-1b85-450c-9ea0-c63baee09d0f}</UniqueIdentifier>
    </Filter>
    <Filter Include="Interface">
      <UniqueIdentifier>{2ecd60f5-fe18-4e3a-973c-6785ff74a3de}</UniqueIdentifier>
    </Filter>
    <Filter Include="Platform">
      <UniqueIdentifier>{d51ef6cc-ba30-4ff6-9036-2af8629a4693}</UniqueIdentifier>
    </Filter>
    <Filter Include="Utils">
      <UniqueIdentifier>{0d5a57a5-bd80-4a85-b1ea-7e0021bb455f}</UniqueIdentifier>
    </Filter>
    <Filter Include="Logic">
      <UniqueIdentifier>{7cf5775d-6b38-46b8-98eb-0fe35e570235}</UniqueIdentifier>
    </Filter>
    <Filter Include="Locale">
      <UniqueIdentifier>{81120db4-ed34-452d-a87a-05f6a5bbf804}</UniqueIdentifier>
    </Filter>
    <Filter Include="Talk">
      <UniqueIdentifier>{8b5ad259-2ea2-4d82-9254-415b3c164511}</UniqueIdentifier>
    </Filter>
    <Filter Include="Data">
      <UniqueIdentifier>{65e40586-131e-4756-9b45-580c43ecaffa}</UniqueIdentifier>
    </Filter>
    <Filter Include="Modules">
      <UniqueIdentifier>{67ec43f9-3859-4284-a8da-fbab3a3dda7c}</UniqueIdentifier>
    </Filter>
  </ItemGroup>
  <ItemGroup>
    <ClCompile Include="answers.cpp">
      <Filter>Support</Filter>
    </ClCompile>
    <ClCompile Include="archive.cpp">
      <Filter>Support</Filter>
    </ClCompile>
    <ClCompile Include="bsreq.cpp">
      <Filter>Support</Filter>
    </ClCompile>
    <ClCompile Include="bstream.cpp">
      <Filter>Support</Filter>
    </ClCompile>
    <ClCompile Include="color.cpp">
      <Filter>Support</Filter>
    </ClCompile>
    <ClCompile Include="crt.cpp">
      <Filter>Support</Filter>
    </ClCompile>
    <ClCompile Include="crt_file.cpp">
      <Filter>Support</Filter>
    </ClCompile>
    <ClCompile Include="crt_locale.cpp">
      <Filter>Support</Filter>
    </ClCompile>
    <ClCompile Include="dataset.cpp">
      <Filter>Support</Filter>
    </ClCompile>
    <ClCompile Include="dice.cpp">
      <Filter>Support</Filter>
    </ClCompile>
    <ClCompile Include="io_stream.cpp">
      <Filter>Support</Filter>
    </ClCompile>
    <ClCompile Include="log.cpp">
      <Filter>Support</Filter>
    </ClCompile>
    <ClCompile Include="png.cpp">
      <Filter>Support</Filter>
    </ClCompile>
    <ClCompile Include="point.cpp">
      <Filter>Support</Filter>
    </ClCompile>
    <ClCompile Include="resource_static.cpp">
      <Filter>Support</Filter>
    </ClCompile>
    <ClCompile Include="scale2x.cpp">
      <Filter>Support</Filter>
    </ClCompile>
    <ClCompile Include="screenshoot.cpp">
      <Filter>Support</Filter>
    </ClCompile>
    <ClCompile Include="script.cpp">
      <Filter>Support</Filter>
    </ClCompile>
    <ClCompile Include="stringact.cpp">
      <Filter>Support</Filter>
    </ClCompile>
    <ClCompile Include="stringbuilder.cpp">
      <Filter>Support</Filter>
    </ClCompile>
    <ClCompile Include="surface_serial.cpp">
      <Filter>Support</Filter>
    </ClCompile>
    <ClCompile Include="szdup.cpp">
      <Filter>Support</Filter>
    </ClCompile>
    <ClCompile Include="variant.cpp">
      <Filter>Support</Filter>
    </ClCompile>
    <ClCompile Include="zip.cpp">
      <Filter>Support</Filter>
    </ClCompile>
    <ClCompile Include="draw.cpp">
      <Filter>Interface</Filter>
    </ClCompile>
    <ClCompile Include="draw_answers.cpp">
      <Filter>Interface</Filter>
    </ClCompile>
    <ClCompile Include="draw_object.cpp">
      <Filter>Interface</Filter>
    </ClCompile>
    <ClCompile Include="draw_text.cpp">
      <Filter>Interface</Filter>
    </ClCompile>
    <ClCompile Include="draw_textf.cpp">
      <Filter>Interface</Filter>
    </ClCompile>
    <ClCompile Include="draw_theme.cpp">
      <Filter>Interface</Filter>
    </ClCompile>
    <ClCompile Include="win_draw.cpp">
      <Filter>Platform</Filter>
    </ClCompile>
    <ClCompile Include="win_io_file.cpp">
      <Filter>Platform</Filter>
    </ClCompile>
    <ClCompile Include="win_time.cpp">
      <Filter>Platform</Filter>
    </ClCompile>
    <ClCompile Include="main.cpp">
      <Filter>Logic</Filter>
    </ClCompile>
    <ClCompile Include="metadata.cpp">
      <Filter>Logic</Filter>
    </ClCompile>
    <ClCompile Include="scripting.cpp">
      <Filter>Logic</Filter>
    </ClCompile>
    <ClCompile Include="interface.cpp">
      <Filter>Logic</Filter>
    </ClCompile>
    <ClCompile Include="resource.cpp">
      <Filter>Interface</Filter>
    </ClCompile>
    <ClCompile Include="creature.cpp">
      <Filter>Logic</Filter>
    </ClCompile>
    <ClCompile Include="io_bsreq.cpp">
      <Filter>Support</Filter>
    </ClCompile>
    <ClCompile Include="logparse.cpp">
      <Filter>Support</Filter>
    </ClCompile>
    <ClCompile Include="ability.cpp">
      <Filter>Logic</Filter>
    </ClCompile>
    <ClCompile Include="main_util.cpp">
      <Filter>Utils</Filter>
    </ClCompile>
    <ClCompile Include="font_util.cpp">
      <Filter>Utils</Filter>
    </ClCompile>
    <ClCompile Include="sprite_util.cpp">
      <Filter>Utils</Filter>
    </ClCompile>
    <ClCompile Include="game.cpp">
      <Filter>Logic</Filter>
    </ClCompile>
    <ClCompile Include="list.cpp">
      <Filter>Support</Filter>
    </ClCompile>
    <ClCompile Include="nameable.cpp">
      <Filter>Support</Filter>
    </ClCompile>
    <ClCompile Include="creaturea.cpp">
      <Filter>Logic</Filter>
    </ClCompile>
    <ClCompile Include="visualeffect.cpp">
      <Filter>Interface</Filter>
    </ClCompile>
    <ClCompile Include="information.cpp">
      <Filter>Logic</Filter>
    </ClCompile>
    <ClCompile Include="speech.cpp">
      <Filter>Support</Filter>
    </ClCompile>
    <ClCompile Include="itema.cpp">
      <Filter>Logic</Filter>
    </ClCompile>
    <ClCompile Include="keyname.cpp">
      <Filter>Support</Filter>
    </ClCompile>
    <ClCompile Include="serial.cpp">
      <Filter>Logic</Filter>
    </ClCompile>
    <ClCompile Include="direction.cpp">
      <Filter>Support</Filter>
    </ClCompile>
    <ClCompile Include="shape.cpp">
      <Filter>Support</Filter>
    </ClCompile>
    <ClCompile Include="anymap.cpp">
      <Filter>Support</Filter>
    </ClCompile>
    <ClCompile Include="location.cpp">
      <Filter>Logic</Filter>
    </ClCompile>
    <ClCompile Include="condition.cpp">
      <Filter>Logic</Filter>
    </ClCompile>
    <ClCompile Include="room.cpp">
      <Filter>Logic</Filter>
    </ClCompile>
    <ClCompile Include="charname.cpp">
      <Filter>Support</Filter>
    </ClCompile>
    <ClCompile Include="price.cpp">
      <Filter>Support</Filter>
    </ClCompile>
    <ClCompile Include="randomizer.cpp">
      <Filter>Support</Filter>
    </ClCompile>
    <ClCompile Include="variantc.cpp">
      <Filter>Support</Filter>
    </ClCompile>
    <ClCompile Include="collection.cpp">
      <Filter>Support</Filter>
    </ClCompile>
    <ClCompile Include="direction_req.cpp">
      <Filter>Support</Filter>
    </ClCompile>
    <ClCompile Include="listcolumn.cpp">
      <Filter>Support</Filter>
    </ClCompile>
    <ClCompile Include="talk.cpp">
      <Filter>Support</Filter>
    </ClCompile>
    <ClCompile Include="creature_talk.cpp">
      <Filter>Logic</Filter>
    </ClCompile>
    <ClCompile Include="duration.cpp">
      <Filter>Support</Filter>
    </ClCompile>
    <ClCompile Include="trigger.cpp">
      <Filter>Support</Filter>
    </ClCompile>
    <ClCompile Include="siteskill.cpp">
      <Filter>Logic</Filter>
    </ClCompile>
    <ClCompile Include="indexa.cpp">
      <Filter>Support</Filter>
    </ClCompile>
    <ClCompile Include="boost.cpp">
      <Filter>Support</Filter>
    </ClCompile>
    <ClCompile Include="spell.cpp">
      <Filter>Support</Filter>
    </ClCompile>
    <ClCompile Include="diceprogress.cpp">
      <Filter>Support</Filter>
    </ClCompile>
    <ClCompile Include="actable.cpp">
      <Filter>Support</Filter>
    </ClCompile>
    <ClCompile Include="quest.cpp">
      <Filter>Support</Filter>
    </ClCompile>
    <ClCompile Include="greatneed.cpp">
      <Filter>Support</Filter>
    </ClCompile>
    <ClCompile Include="creature_need.cpp">
      <Filter>Logic</Filter>
    </ClCompile>
    <ClCompile Include="draw_message.cpp">
      <Filter>Interface</Filter>
    </ClCompile>
    <ClCompile Include="feature.cpp">
      <Filter>Support</Filter>
    </ClCompile>
    <ClCompile Include="hotkey.cpp">
      <Filter>Support</Filter>
    </ClCompile>
    <ClCompile Include="world.cpp">
      <Filter>Support</Filter>
    </ClCompile>
    <ClCompile Include="race.cpp">
      <Filter>Support</Filter>
    </ClCompile>
    <ClCompile Include="moveable.cpp">
      <Filter>Support</Filter>
    </ClCompile>
    <ClCompile Include="magic.cpp">
      <Filter>Support</Filter>
    </ClCompile>
    <ClCompile Include="skilluse.cpp">
      <Filter>Support</Filter>
    </ClCompile>
    <ClCompile Include="item.cpp">
      <Filter>Logic</Filter>
    </ClCompile>
    <ClCompile Include="feat.cpp">
      <Filter>Logic</Filter>
    </ClCompile>
    <ClCompile Include="ownerable.cpp">
      <Filter>Logic</Filter>
    </ClCompile>
    <ClCompile Include="areaf.cpp">
      <Filter>Logic</Filter>
    </ClCompile>
    <ClCompile Include="areamap.cpp">
      <Filter>Logic</Filter>
    </ClCompile>
    <ClCompile Include="tile.cpp">
      <Filter>Logic</Filter>
    </ClCompile>
    <ClCompile Include="modifier.cpp">
      <Filter>Support</Filter>
    </ClCompile>
    <ClCompile Include="wear.cpp">
      <Filter>Logic</Filter>
    </ClCompile>
    <ClCompile Include="wearable.cpp">
      <Filter>Logic</Filter>
    </ClCompile>
    <ClCompile Include="dialog.cpp">
      <Filter>Support</Filter>
    </ClCompile>
    <ClCompile Include="monster.cpp">
      <Filter>Logic</Filter>
    </ClCompile>
    <ClCompile Include="io_memory.cpp">
      <Filter>Support</Filter>
    </ClCompile>
    <ClCompile Include="areapiece.cpp">
      <Filter>Logic</Filter>
    </ClCompile>
  </ItemGroup>
  <ItemGroup>
    <ClInclude Include="answers.h">
      <Filter>Support</Filter>
    </ClInclude>
    <ClInclude Include="archive.h">
      <Filter>Support</Filter>
    </ClInclude>
    <ClInclude Include="bsreq.h">
      <Filter>Support</Filter>
    </ClInclude>
    <ClInclude Include="bstream.h">
      <Filter>Support</Filter>
    </ClInclude>
    <ClInclude Include="color.h">
      <Filter>Support</Filter>
    </ClInclude>
    <ClInclude Include="crt.h">
      <Filter>Support</Filter>
    </ClInclude>
    <ClInclude Include="datamap.h">
      <Filter>Support</Filter>
    </ClInclude>
    <ClInclude Include="dataset.h">
      <Filter>Support</Filter>
    </ClInclude>
    <ClInclude Include="dice.h">
      <Filter>Support</Filter>
    </ClInclude>
    <ClInclude Include="flagable.h">
      <Filter>Support</Filter>
    </ClInclude>
    <ClInclude Include="io_stream.h">
      <Filter>Support</Filter>
    </ClInclude>
    <ClInclude Include="log.h">
      <Filter>Support</Filter>
    </ClInclude>
    <ClInclude Include="point.h">
      <Filter>Support</Filter>
    </ClInclude>
    <ClInclude Include="pointl.h">
      <Filter>Support</Filter>
    </ClInclude>
    <ClInclude Include="rect.h">
      <Filter>Support</Filter>
    </ClInclude>
    <ClInclude Include="screenshoot.h">
      <Filter>Support</Filter>
    </ClInclude>
    <ClInclude Include="script.h">
      <Filter>Support</Filter>
    </ClInclude>
    <ClInclude Include="stringact.h">
      <Filter>Support</Filter>
    </ClInclude>
    <ClInclude Include="stringbuilder.h">
      <Filter>Support</Filter>
    </ClInclude>
    <ClInclude Include="variant.h">
      <Filter>Support</Filter>
    </ClInclude>
    <ClInclude Include="widget.h">
      <Filter>Support</Filter>
    </ClInclude>
    <ClInclude Include="draw.h">
      <Filter>Interface</Filter>
    </ClInclude>
    <ClInclude Include="draw_object.h">
      <Filter>Interface</Filter>
    </ClInclude>
    <ClInclude Include="win.h">
      <Filter>Platform</Filter>
    </ClInclude>
    <ClInclude Include="creature.h">
      <Filter>Logic</Filter>
    </ClInclude>
    <ClInclude Include="resource.h">
      <Filter>Support</Filter>
    </ClInclude>
    <ClInclude Include="logparse.h">
      <Filter>Support</Filter>
    </ClInclude>
    <ClInclude Include="sprite_util.h">
      <Filter>Utils</Filter>
    </ClInclude>
    <ClInclude Include="list.h">
      <Filter>Support</Filter>
    </ClInclude>
    <ClInclude Include="nameable.h">
      <Filter>Support</Filter>
    </ClInclude>
    <ClInclude Include="pushvalue.h">
      <Filter>Support</Filter>
    </ClInclude>
    <ClInclude Include="speech.h">
      <Filter>Support</Filter>
    </ClInclude>
    <ClInclude Include="keyname.h">
      <Filter>Support</Filter>
    </ClInclude>
    <ClInclude Include="colori.h">
      <Filter>Support</Filter>
    </ClInclude>
    <ClInclude Include="direction.h">
      <Filter>Support</Filter>
    </ClInclude>
    <ClInclude Include="shape.h">
      <Filter>Support</Filter>
    </ClInclude>
    <ClInclude Include="anymap.h">
      <Filter>Support</Filter>
    </ClInclude>
    <ClInclude Include="charname.h">
      <Filter>Support</Filter>
    </ClInclude>
    <ClInclude Include="price.h">
      <Filter>Support</Filter>
    </ClInclude>
    <ClInclude Include="randomizer.h">
      <Filter>Support</Filter>
    </ClInclude>
    <ClInclude Include="variantc.h">
      <Filter>Support</Filter>
    </ClInclude>
    <ClInclude Include="collection.h">
      <Filter>Support</Filter>
    </ClInclude>
    <ClInclude Include="listcolumn.h">
      <Filter>Support</Filter>
    </ClInclude>
    <ClInclude Include="talk.h">
      <Filter>Support</Filter>
    </ClInclude>
    <ClInclude Include="duration.h">
      <Filter>Support</Filter>
    </ClInclude>
    <ClInclude Include="trigger.h">
      <Filter>Support</Filter>
    </ClInclude>
    <ClInclude Include="geoposition.h">
      <Filter>Support</Filter>
    </ClInclude>
    <ClInclude Include="indexa.h">
      <Filter>Support</Filter>
    </ClInclude>
    <ClInclude Include="advancement.h">
      <Filter>Support</Filter>
    </ClInclude>
    <ClInclude Include="boost.h">
      <Filter>Support</Filter>
    </ClInclude>
    <ClInclude Include="spell.h">
      <Filter>Support</Filter>
    </ClInclude>
    <ClInclude Include="global.h">
      <Filter>Support</Filter>
    </ClInclude>
    <ClInclude Include="diceprogress.h">
      <Filter>Support</Filter>
    </ClInclude>
    <ClInclude Include="actable.h">
      <Filter>Support</Filter>
    </ClInclude>
    <ClInclude Include="quest.h">
      <Filter>Support</Filter>
    </ClInclude>
    <ClInclude Include="greatneed.h">
      <Filter>Support</Filter>
    </ClInclude>
    <ClInclude Include="framerange.h">
      <Filter>Support</Filter>
    </ClInclude>
    <ClInclude Include="feature.h">
      <Filter>Support</Filter>
    </ClInclude>
    <ClInclude Include="hotkey.h">
      <Filter>Support</Filter>
    </ClInclude>
    <ClInclude Include="world.h">
      <Filter>Support</Filter>
    </ClInclude>
    <ClInclude Include="race.h">
      <Filter>Support</Filter>
    </ClInclude>
    <ClInclude Include="moveable.h">
      <Filter>Support</Filter>
    </ClInclude>
    <ClInclude Include="magic.h">
      <Filter>Support</Filter>
    </ClInclude>
    <ClInclude Include="visualeffect.h">
      <Filter>Interface</Filter>
    </ClInclude>
    <ClInclude Include="site.h">
      <Filter>Logic</Filter>
    </ClInclude>
    <ClInclude Include="skilluse.h">
      <Filter>Support</Filter>
    </ClInclude>
    <ClInclude Include="siteskill.h">
      <Filter>Logic</Filter>
    </ClInclude>
    <ClInclude Include="resid.h">
      <Filter>Interface</Filter>
    </ClInclude>
    <ClInclude Include="class.h">
      <Filter>Support</Filter>
    </ClInclude>
    <ClInclude Include="condition.h">
      <Filter>Support</Filter>
    </ClInclude>
    <ClInclude Include="triggern.h">
      <Filter>Logic</Filter>
    </ClInclude>
    <ClInclude Include="item.h">
      <Filter>Logic</Filter>
    </ClInclude>
    <ClInclude Include="feat.h">
      <Filter>Logic</Filter>
    </ClInclude>
    <ClInclude Include="game.h">
      <Filter>Logic</Filter>
    </ClInclude>
    <ClInclude Include="ownerable.h">
      <Filter>Logic</Filter>
    </ClInclude>
    <ClInclude Include="ability.h">
      <Filter>Logic</Filter>
    </ClInclude>
    <ClInclude Include="itema.h">
      <Filter>Logic</Filter>
    </ClInclude>
    <ClInclude Include="areaf.h">
      <Filter>Logic</Filter>
    </ClInclude>
    <ClInclude Include="areamap.h">
      <Filter>Logic</Filter>
    </ClInclude>
    <ClInclude Include="tile.h">
      <Filter>Logic</Filter>
    </ClInclude>
    <ClInclude Include="modifier.h">
      <Filter>Support</Filter>
    </ClInclude>
    <ClInclude Include="wear.h">
      <Filter>Logic</Filter>
    </ClInclude>
    <ClInclude Include="wearable.h">
      <Filter>Logic</Filter>
    </ClInclude>
    <ClInclude Include="dialog.h">
      <Filter>Support</Filter>
    </ClInclude>
    <ClInclude Include="monster.h">
      <Filter>Logic</Filter>
    </ClInclude>
    <ClInclude Include="io_memory.h">
      <Filter>Support</Filter>
    </ClInclude>
    <ClInclude Include="areapiece.h">
      <Filter>Logic</Filter>
    </ClInclude>
  </ItemGroup>
  <ItemGroup>
    <Text Include="..\rules\Basic.txt">
      <Filter>Data</Filter>
    </Text>
    <Text Include="..\errors.txt">
      <Filter>Data</Filter>
    </Text>
    <Text Include="..\rules\Items.txt">
      <Filter>Data</Filter>
    </Text>
    <Text Include="..\rules\Advancement.txt">
      <Filter>Data</Filter>
    </Text>
    <Text Include="..\rules\Shapes.txt">
      <Filter>Data</Filter>
    </Text>
    <Text Include="..\rules\Sites.txt">
      <Filter>Data</Filter>
    </Text>
    <Text Include="..\rules\Monsters.txt">
      <Filter>Data</Filter>
    </Text>
    <Text Include="..\logs.txt">
      <Filter>Data</Filter>
    </Text>
    <Text Include="..\locale\ru\core\Chats.txt">
      <Filter>Locale</Filter>
    </Text>
    <Text Include="..\locale\ru\core\DirectionNames.txt">
      <Filter>Locale</Filter>
    </Text>
    <Text Include="..\locale\ru\core\ItemNames.txt">
      <Filter>Locale</Filter>
    </Text>
    <Text Include="..\locale\ru\core\MonsterNames.txt">
      <Filter>Locale</Filter>
    </Text>
    <Text Include="..\locale\ru\core\NameCharacters.txt">
      <Filter>Locale</Filter>
    </Text>
    <Text Include="..\locale\ru\core\Names.txt">
      <Filter>Locale</Filter>
    </Text>
    <Text Include="..\locale\ru\core\RaceNames.txt">
      <Filter>Locale</Filter>
    </Text>
    <Text Include="..\locale\ru\core\SiteDescriptions.txt">
      <Filter>Locale</Filter>
    </Text>
    <Text Include="..\locale\ru\core\SiteNames.txt">
      <Filter>Locale</Filter>
    </Text>
    <Text Include="..\locale\ru\core\SpellNames.txt">
      <Filter>Locale</Filter>
    </Text>
    <Text Include="..\locale\ru\core\UnknownNames.txt">
      <Filter>Locale</Filter>
    </Text>
    <Text Include="..\locale\ru\core\WearNames.txt">
      <Filter>Locale</Filter>
    </Text>
    <Text Include="..\locale\ru\talk\NPCHouses.txt">
      <Filter>Talk</Filter>
    </Text>
    <Text Include="..\rules\Spells.txt">
      <Filter>Data</Filter>
    </Text>
    <Text Include="..\locale\ru\core\EffectDescriptions.txt">
      <Filter>Locale</Filter>
    </Text>
    <Text Include="..\rules\Tiles.txt">
      <Filter>Data</Filter>
    </Text>
    <Text Include="..\rules\Features.txt">
      <Filter>Data</Filter>
    </Text>
    <Text Include="..\locale\ru\core\NeedDescriptions.txt">
      <Filter>Locale</Filter>
    </Text>
    <Text Include="..\locale\ru\talk\NeedTalk.txt">
      <Filter>Talk</Filter>
    </Text>
    <Text Include="..\locale\ru\core\EndGameDescriptions.txt">
      <Filter>Locale</Filter>
    </Text>
    <Text Include="..\modules\ChurchOfOne.txt">
      <Filter>Modules</Filter>
    </Text>
    <Text Include="..\rules\Skills.txt">
      <Filter>Data</Filter>
    </Text>
    <Text Include="..\locale\ru\core\SkillNames.txt">
      <Filter>Locale</Filter>
    </Text>
  </ItemGroup>
  <ItemGroup>
    <None Include="cpp.hint">
      <Filter>Utils</Filter>
    </None>
  </ItemGroup>
</Project>